
Microsoft Visual Studio Solution File, Format Version 12.00
# Visual Studio Version 17
VisualStudioVersion = 17.2.32519.379
MinimumVisualStudioVersion = 10.0.40219.1
Project("{FAE04EC0-301F-11D3-BF4B-00C04F79EFBC}") = "MarsQA Onboarding Project", "MarsQA Onboarding Project.csproj", "{BCE7B9CA-BCE2-4795-80D6-A55A89216BB8}"
EndProject
Global
	GlobalSection(SolutionConfigurationPlatforms) = preSolution
		Debug|Any CPU = Debug|Any CPU
		Release|Any CPU = Release|Any CPU
	EndGlobalSection
	GlobalSection(ProjectConfigurationPlatforms) = postSolution
		{BCE7B9CA-BCE2-4795-80D6-A55A89216BB8}.Debug|Any CPU.ActiveCfg = Debug|Any CPU
		{BCE7B9CA-BCE2-4795-80D6-A55A89216BB8}.Debug|Any CPU.Build.0 = Debug|Any CPU
		{BCE7B9CA-BCE2-4795-80D6-A55A89216BB8}.Release|Any CPU.ActiveCfg = Release|Any CPU
		{BCE7B9CA-BCE2-4795-80D6-A55A89216BB8}.Release|Any CPU.Build.0 = Release|Any CPU
	EndGlobalSection
	GlobalSection(SolutionProperties) = preSolution
		HideSolutionNode = FALSE
	EndGlobalSection
	GlobalSection(ExtensibilityGlobals) = postSolution
		SolutionGuid = {308575D9-67F5-4054-95C2-F8F4458D8A37}
	EndGlobalSection
EndGlobal
